# This file is automatically @generated by Cargo.
# It is not intended for manual editing.
version = 3

[[package]]
name = "continuum-cli"
version = "0.1.0"
dependencies = [
 "continuum_graph_engine",
]

[[package]]
name = "continuum_graph_engine"
version = "0.1.0"

[[package]]
name = "continuum_osrd_bridge"
version = "0.1.0"
dependencies = [
 "continuum_graph_engine",
]
